
Microsoft Visual Studio Solution File, Format Version 12.00
# Visual Studio Version 16
VisualStudioVersion = 16.0.30907.101
MinimumVisualStudioVersion = 10.0.40219.1
Project("{FAE04EC0-301F-11D3-BF4B-00C04F79EFBC}") = "SyncThinkTechnology", "SyncThinkTechnology\SyncThinkTechnology.csproj", "{3E1342A9-AABE-4C18-A624-266C41C6D538}"
EndProject
Global
	GlobalSection(SolutionConfigurationPlatforms) = preSolution
		Debug|Any CPU = Debug|Any CPU
		Release|Any CPU = Release|Any CPU
	EndGlobalSection
	GlobalSection(ProjectConfigurationPlatforms) = postSolution
		{3E1342A9-AABE-4C18-A624-266C41C6D538}.Debug|Any CPU.ActiveCfg = Debug|Any CPU
		{3E1342A9-AABE-4C18-A624-266C41C6D538}.Debug|Any CPU.Build.0 = Debug|Any CPU
		{3E1342A9-AABE-4C18-A624-266C41C6D538}.Release|Any CPU.ActiveCfg = Release|Any CPU
		{3E1342A9-AABE-4C18-A624-266C41C6D538}.Release|Any CPU.Build.0 = Release|Any CPU
	EndGlobalSection
	GlobalSection(SolutionProperties) = preSolution
		HideSolutionNode = FALSE
	EndGlobalSection
	GlobalSection(ExtensibilityGlobals) = postSolution
		SolutionGuid = {F0253898-7115-48F8-9869-79031E53E6EC}
	EndGlobalSection
EndGlobal
